
Microsoft Visual Studio Solution File, Format Version 12.00
# Visual Studio Version 17
VisualStudioVersion = 17.5.33502.453
MinimumVisualStudioVersion = 10.0.40219.1
Project("{FAE04EC0-301F-11D3-BF4B-00C04F79EFBC}") = "ModernDesign", "ModernDesign\ModernDesign.csproj", "{F8B73026-678E-4A8A-8B59-8A3AC618AB42}"
EndProject
Global
	GlobalSection(SolutionConfigurationPlatforms) = preSolution
		Debug|Any CPU = Debug|Any CPU
		Release|Any CPU = Release|Any CPU
	EndGlobalSection
	GlobalSection(ProjectConfigurationPlatforms) = postSolution
		{F8B73026-678E-4A8A-8B59-8A3AC618AB42}.Debug|Any CPU.ActiveCfg = Debug|Any CPU
		{F8B73026-678E-4A8A-8B59-8A3AC618AB42}.Debug|Any CPU.Build.0 = Debug|Any CPU
		{F8B73026-678E-4A8A-8B59-8A3AC618AB42}.Release|Any CPU.ActiveCfg = Release|Any CPU
		{F8B73026-678E-4A8A-8B59-8A3AC618AB42}.Release|Any CPU.Build.0 = Release|Any CPU
	EndGlobalSection
	GlobalSection(SolutionProperties) = preSolution
		HideSolutionNode = FALSE
	EndGlobalSection
	GlobalSection(ExtensibilityGlobals) = postSolution
		SolutionGuid = {E74C648E-2574-494F-9563-4AAE661D70DE}
	EndGlobalSection
EndGlobal
